NeoBundleLock DoxygenToolkit.vim afd8663d36d2ec19d26befdb10e89e912d26bbd3
NeoBundleLock SingleCompile 00f6e7ab160a0de70696d3842b7525c27bdfaf82
NeoBundleLock emmet-vim 4110fb0f7b13f20e1136da18e12597a4c978cc3a
NeoBundleLock mru 6e6064a087e73d6376962a1b05382b6dc72f7048
NeoBundleLock neobundle.vim ef32bf7170272b6cd61293b3f175825fba8232e2
NeoBundleLock neocomplcache 00f6e7ab160a0de70696d3842b7525c27bdfaf82
NeoBundleLock nerdcommenter 1f4bfd59920c101a30a74a07b824608a6e65f3fe
NeoBundleLock open-browser.vim e17535850b8096b79907df9059fb43c51448f038
NeoBundleLock previm b130f24277e3c6a5afa3984921516b0a83b31d28
NeoBundleLock ros.vim 00f6e7ab160a0de70696d3842b7525c27bdfaf82
NeoBundleLock vim-easy-align 7cb559eb70600bbd81afbb2d7f60d98334f631e2
NeoBundleLock vim-hier 00f6e7ab160a0de70696d3842b7525c27bdfaf82
NeoBundleLock vim-markdown 8a709ef28a77629b11769c703c4864133d658947
